
Microsoft Visual Studio Solution File, Format Version 12.00
# Visual Studio 15
VisualStudioVersion = 15.0.26730.0
MinimumVisualStudioVersion = 10.0.40219.1
Project("{FAE04EC0-301F-11D3-BF4B-00C04F79EFBC}") = "AbiTubeNotifier.Functions", "AbiTubeNotifier.Functions\AbiTubeNotifier.Functions.csproj", "{DAAB4CCA-06BE-445B-844B-623124C0A72B}"
EndProject
Project("{FAE04EC0-301F-11D3-BF4B-00C04F79EFBC}") = "AbiTubeNotifier", "AbiTubeNotifier\AbiTubeNotifier.csproj", "{4CE95E47-3896-4D60-850D-8D4DDA2B75B1}"
EndProject
Project("{FAE04EC0-301F-11D3-BF4B-00C04F79EFBC}") = "AbiTubeNotifier.Test", "AbiTubeNotifier.Test\AbiTubeNotifier.Test.csproj", "{12102BF3-E3DE-439F-AF64-9183D4C4FEA8}"
EndProject
Global
	GlobalSection(SolutionConfigurationPlatforms) = preSolution
		Debug|Any CPU = Debug|Any CPU
		Release|Any CPU = Release|Any CPU
	EndGlobalSection
	GlobalSection(ProjectConfigurationPlatforms) = postSolution
		{DAAB4CCA-06BE-445B-844B-623124C0A72B}.Debug|Any CPU.ActiveCfg = Debug|Any CPU
		{DAAB4CCA-06BE-445B-844B-623124C0A72B}.Debug|Any CPU.Build.0 = Debug|Any CPU
		{DAAB4CCA-06BE-445B-844B-623124C0A72B}.Release|Any CPU.ActiveCfg = Release|Any CPU
		{DAAB4CCA-06BE-445B-844B-623124C0A72B}.Release|Any CPU.Build.0 = Release|Any CPU
		{4CE95E47-3896-4D60-850D-8D4DDA2B75B1}.Debug|Any CPU.ActiveCfg = Debug|Any CPU
		{4CE95E47-3896-4D60-850D-8D4DDA2B75B1}.Debug|Any CPU.Build.0 = Debug|Any CPU
		{4CE95E47-3896-4D60-850D-8D4DDA2B75B1}.Release|Any CPU.ActiveCfg = Release|Any CPU
		{4CE95E47-3896-4D60-850D-8D4DDA2B75B1}.Release|Any CPU.Build.0 = Release|Any CPU
		{12102BF3-E3DE-439F-AF64-9183D4C4FEA8}.Debug|Any CPU.ActiveCfg = Debug|Any CPU
		{12102BF3-E3DE-439F-AF64-9183D4C4FEA8}.Debug|Any CPU.Build.0 = Debug|Any CPU
		{12102BF3-E3DE-439F-AF64-9183D4C4FEA8}.Release|Any CPU.ActiveCfg = Release|Any CPU
		{12102BF3-E3DE-439F-AF64-9183D4C4FEA8}.Release|Any CPU.Build.0 = Release|Any CPU
	EndGlobalSection
	GlobalSection(SolutionProperties) = preSolution
		HideSolutionNode = FALSE
	EndGlobalSection
	GlobalSection(ExtensibilityGlobals) = postSolution
		SolutionGuid = {3E08487D-890C-4588-8C53-7FF6E256F01C}
	EndGlobalSection
EndGlobal
